github.com/rsa17826/go-arg-lib v0.0.48 h1:JPrAzR3z2LpRHjNfIab3Endoz+Jdm9Kwb048D/nr74k=
github.com/rsa17826/go-arg-lib v0.0.48/go.mod h1:eP/bXinIXD6bZWBMqk9eZJfkkKUcl66j0uuz1amrsdU=
github.com/rsa17826/go-arg-lib v0.0.63 h1:P78aFKnYiALmpaNubO2Y1dXjIDsNBM/kKPD/qSmht6w=
github.com/rsa17826/go-arg-lib v0.0.63/go.mod h1:sN7i15fgxZHsrFWmLlTFymhutV2wly9MNxF3BrgR0aw=
github.com/rsa17826/go-input-lib v0.0.16 h1:+yG43YtMVJvJ2OxSxvsrlfR0Zxh9kVfWMNEEXdLr4dk=
github.com/rsa17826/go-input-lib v0.0.16/go.mod h1:KEJxNV4Ak+tPponYovpPFmTEP3jR4UEZgDoaCgYjrvM=
github.com/rsa17826/go-input-lib v0.0.18 h1:EJZgtZVpJKMbw3B93rc3eKBYSG+sN8r0IVbXQk8q230=
github.com/rsa17826/go-input-lib v0.0.18/go.mod h1:KEJxNV4Ak+tPponYovpPFmTEP3jR4UEZgDoaCgYjrvM=
github.com/rsa17826/go-input-lib v0.0.19 h1:Cp0xI5qDmsIC8ZWTjf4TpAmVwTXd+Rr3UwlMttbV1G0=
github.com/rsa17826/go-input-lib v0.0.19/go.mod h1:KEJxNV4Ak+tPponYovpPFmTEP3jR4UEZgDoaCgYjrvM=
golang.org/x/sys v0.44.0 h1:ildZl3J4uzeKP07r2F++Op7E9B29JRUy+a27EibtBTQ=
golang.org/x/sys v0.44.0/go.mod h1:4GL1E5IUh+htKOUEOaiffhrAeqysfVGipDYzABqnCmw=
